{
  "nodes": {
    "mnw": {
      "locked": {
        "lastModified": 1763076462,
        "narHash": "sha256-zaoxXoR9rk7jRwfzpvAcoD1tPb6IK3WfpFd3x10aIg8=",
        "owner": "Gerg-L",
        "repo": "mnw",
        "rev": "5b634fd1b77b0e14b1034a4cf9bfc0bef3a22055",
        "type": "github"
      },
      "original": {
        "owner": "Gerg-L",
        "repo": "mnw",
        "type": "github"
      }
    },
    "nixpkgs": {
      "locked": {
        "lastModified": 1762977756,
        "narHash": "sha256-4PqRErxfe+2toFJFgcRKZ0UI9NSIOJa+7RXVtBhy4KE=",
        "owner": "NixOS",
        "repo": "nixpkgs",
        "rev": "c5ae371f1a6a7fd27823bc500d9390b38c05fa55",
        "type": "github"
      },
      "original": {
        "owner": "NixOS",
        "ref": "nixos-unstable",
        "repo": "nixpkgs",
        "type": "github"
      }
    },
    "root": {
      "inputs": {
        "mnw": "mnw",
        "nixpkgs": "nixpkgs"
      }
    }
  },
  "root": "root",
  "version": 7
}
