{
  "nodes": {
    "mnw": {
      "locked": {
        "lastModified": 1768618759,
        "narHash": "sha256-qIHxw1FSaYsC8m3d2iFegsQEZVal0dxJDybUOTOQpP8=",
        "owner": "Gerg-L",
        "repo": "mnw",
        "rev": "ea993bf7fe0c4999abb0b6e79c9dafb82a907700",
        "type": "github"
      },
      "original": {
        "owner": "Gerg-L",
        "repo": "mnw",
        "type": "github"
      }
    },
    "nixpkgs": {
      "locked": {
        "lastModified": 1768564909,
        "narHash": "sha256-Kell/SpJYVkHWMvnhqJz/8DqQg2b6PguxVWOuadbHCc=",
        "owner": "NixOS",
        "repo": "nixpkgs",
        "rev": "e4bae1bd10c9c57b2cf517953ab70060a828ee6f",
        "type": "github"
      },
      "original": {
        "owner": "NixOS",
        "ref": "nixos-unstable",
        "repo": "nixpkgs",
        "type": "github"
      }
    },
    "root": {
      "inputs": {
        "mnw": "mnw",
        "nixpkgs": "nixpkgs"
      }
    }
  },
  "root": "root",
  "version": 7
}
